
Microsoft Visual Studio Solution File, Format Version 12.00
# Visual Studio 15
VisualStudioVersion = 15.0.26730.12
MinimumVisualStudioVersion = 10.0.40219.1
Project("{2150E333-8FDC-42A3-9474-1A3956D46DE8}") = "src", "src", "{5BD9B891-6552-4598-BC90-62D670EF458B}"
EndProject
Project("{2150E333-8FDC-42A3-9474-1A3956D46DE8}") = ".nuget", ".nuget", "{3C56ACC8-1E6D-49BD-A897-EE3642B77E2F}"
EndProject
Project("{9A19103F-16F7-4668-BE54-9A1E7A4F7556}") = "CADove.IdentityServer", "src\CADove.IdentityServer\CADove.IdentityServer.csproj", "{580DF53F-5A0C-4D52-9901-37BA1F70CEE2}"
EndProject
Project("{9A19103F-16F7-4668-BE54-9A1E7A4F7556}") = "CADove.WebApi", "src\CADove.WebApi\CADove.WebApi.csproj", "{15FC5590-C852-48E1-8AAA-377DD6116BB9}"
EndProject
Project("{9A19103F-16F7-4668-BE54-9A1E7A4F7556}") = "CADove.Client", "src\CADove.Client\CADove.Client.csproj", "{4D9661A7-A4A7-49AA-BDE4-4DE5EEE3C3FE}"
EndProject
Project("{9A19103F-16F7-4668-BE54-9A1E7A4F7556}") = "CADove.Shared", "src\CADove.Shared\CADove.Shared.csproj", "{801B0AF3-FB54-4128-8944-8463FFF5560D}"
EndProject
Project("{2150E333-8FDC-42A3-9474-1A3956D46DE8}") = "test", "test", "{A3D8F28C-55A3-4C65-83DE-C21BF0D45E3D}"
EndProject
Project("{FAE04EC0-301F-11D3-BF4B-00C04F79EFBC}") = "CADove.IdentityServer.Tests", "test\CADove.IdentityServer.Tests\CADove.IdentityServer.Tests.csproj", "{D67752C3-4D81-4D97-9E64-FBF5388D48B7}"
EndProject
Global
	GlobalSection(SolutionConfigurationPlatforms) = preSolution
		Debug|Any CPU = Debug|Any CPU
		Release|Any CPU = Release|Any CPU
	EndGlobalSection
	GlobalSection(ProjectConfigurationPlatforms) = postSolution
		{580DF53F-5A0C-4D52-9901-37BA1F70CEE2}.Debug|Any CPU.ActiveCfg = Debug|Any CPU
		{580DF53F-5A0C-4D52-9901-37BA1F70CEE2}.Debug|Any CPU.Build.0 = Debug|Any CPU
		{580DF53F-5A0C-4D52-9901-37BA1F70CEE2}.Release|Any CPU.ActiveCfg = Release|Any CPU
		{580DF53F-5A0C-4D52-9901-37BA1F70CEE2}.Release|Any CPU.Build.0 = Release|Any CPU
		{15FC5590-C852-48E1-8AAA-377DD6116BB9}.Debug|Any CPU.ActiveCfg = Debug|Any CPU
		{15FC5590-C852-48E1-8AAA-377DD6116BB9}.Debug|Any CPU.Build.0 = Debug|Any CPU
		{15FC5590-C852-48E1-8AAA-377DD6116BB9}.Release|Any CPU.ActiveCfg = Release|Any CPU
		{15FC5590-C852-48E1-8AAA-377DD6116BB9}.Release|Any CPU.Build.0 = Release|Any CPU
		{4D9661A7-A4A7-49AA-BDE4-4DE5EEE3C3FE}.Debug|Any CPU.ActiveCfg = Debug|Any CPU
		{4D9661A7-A4A7-49AA-BDE4-4DE5EEE3C3FE}.Debug|Any CPU.Build.0 = Debug|Any CPU
		{4D9661A7-A4A7-49AA-BDE4-4DE5EEE3C3FE}.Release|Any CPU.ActiveCfg = Release|Any CPU
		{4D9661A7-A4A7-49AA-BDE4-4DE5EEE3C3FE}.Release|Any CPU.Build.0 = Release|Any CPU
		{801B0AF3-FB54-4128-8944-8463FFF5560D}.Debug|Any CPU.ActiveCfg = Debug|Any CPU
		{801B0AF3-FB54-4128-8944-8463FFF5560D}.Debug|Any CPU.Build.0 = Debug|Any CPU
		{801B0AF3-FB54-4128-8944-8463FFF5560D}.Release|Any CPU.ActiveCfg = Release|Any CPU
		{801B0AF3-FB54-4128-8944-8463FFF5560D}.Release|Any CPU.Build.0 = Release|Any CPU
		{D67752C3-4D81-4D97-9E64-FBF5388D48B7}.Debug|Any CPU.ActiveCfg = Debug|Any CPU
		{D67752C3-4D81-4D97-9E64-FBF5388D48B7}.Debug|Any CPU.Build.0 = Debug|Any CPU
		{D67752C3-4D81-4D97-9E64-FBF5388D48B7}.Release|Any CPU.ActiveCfg = Release|Any CPU
		{D67752C3-4D81-4D97-9E64-FBF5388D48B7}.Release|Any CPU.Build.0 = Release|Any CPU
	EndGlobalSection
	GlobalSection(SolutionProperties) = preSolution
		HideSolutionNode = FALSE
	EndGlobalSection
	GlobalSection(NestedProjects) = preSolution
		{580DF53F-5A0C-4D52-9901-37BA1F70CEE2} = {5BD9B891-6552-4598-BC90-62D670EF458B}
		{15FC5590-C852-48E1-8AAA-377DD6116BB9} = {5BD9B891-6552-4598-BC90-62D670EF458B}
		{4D9661A7-A4A7-49AA-BDE4-4DE5EEE3C3FE} = {5BD9B891-6552-4598-BC90-62D670EF458B}
		{801B0AF3-FB54-4128-8944-8463FFF5560D} = {5BD9B891-6552-4598-BC90-62D670EF458B}
		{D67752C3-4D81-4D97-9E64-FBF5388D48B7} = {A3D8F28C-55A3-4C65-83DE-C21BF0D45E3D}
	EndGlobalSection
	GlobalSection(ExtensibilityGlobals) = postSolution
		SolutionGuid = {EED2E442-5106-48D4-AD9C-E9767C416057}
	EndGlobalSection
EndGlobal
